
Microsoft Visual Studio Solution File, Format Version 12.00
# Visual Studio Version 17
VisualStudioVersion = 17.4.33205.214
MinimumVisualStudioVersion = 10.0.40219.1
Project("{FAE04EC0-301F-11D3-BF4B-00C04F79EFBC}") = "lessontwo_csh", "lessontwo_csh.csproj", "{C5BD19E3-0A8D-4321-8AEC-B7B26878D409}"
EndProject
Global
	GlobalSection(SolutionConfigurationPlatforms) = preSolution
		Debug|Any CPU = Debug|Any CPU
		Release|Any CPU = Release|Any CPU
	EndGlobalSection
	GlobalSection(ProjectConfigurationPlatforms) = postSolution
		{C5BD19E3-0A8D-4321-8AEC-B7B26878D409}.Debug|Any CPU.ActiveCfg = Debug|Any CPU
		{C5BD19E3-0A8D-4321-8AEC-B7B26878D409}.Debug|Any CPU.Build.0 = Debug|Any CPU
		{C5BD19E3-0A8D-4321-8AEC-B7B26878D409}.Release|Any CPU.ActiveCfg = Release|Any CPU
		{C5BD19E3-0A8D-4321-8AEC-B7B26878D409}.Release|Any CPU.Build.0 = Release|Any CPU
	EndGlobalSection
	GlobalSection(SolutionProperties) = preSolution
		HideSolutionNode = FALSE
	EndGlobalSection
	GlobalSection(ExtensibilityGlobals) = postSolution
		SolutionGuid = {F7BB3F1A-70FB-4DC9-9849-F4F459D1E3FC}
	EndGlobalSection
EndGlobal
